<?xml version="1.0" encoding="utf-8"?>
<Project ToolsVersion="4.0" xmlns="http://schemas.microsoft.com/developer/msbuild/2003">
  <ItemGroup>
    <Filter Include="Source Files">
      <UniqueIdentifier>{4FC737F1-C7A5-4376-A066-2A32D752A2FF}</UniqueIdentifier>
      <Extensions>cpp;c;cc;cxx;def;odl;idl;hpj;bat;asm;asmx</Extensions>
    </Filter>
    <Filter Include="Header Files">
      <UniqueIdentifier>{93995380-89BD-4b04-88EB-625FBE52EBFB}</UniqueIdentifier>
      <Extensions>h;hh;hpp;hxx;hm;inl;inc;xsd</Extensions>
    </Filter>
    <Filter Include="Resource Files">
      <UniqueIdentifier>{67DA6AB6-F800-4c08-8B7A-83BB121AAD01}</UniqueIdentifier>
      <Extensions>rc;ico;cur;bmp;dlg;rc2;rct;bin;rgs;gif;jpg;jpeg;jpe;resx;tiff;tif;png;wav;mfcribbon-ms</Extensions>
    </Filter>
  </ItemGroup>
  <ItemGroup>
    <ClInclude Include="ISort.h">
      <Filter>Header Files</Filter>
    </ClInclude>
    <ClInclude Include="insertion.h">
      <Filter>Header Files</Filter>
    </ClInclude>
    <ClInclude Include="Selection.h">
      <Filter>Header Files</Filter>
    </ClInclude>
    <ClInclude Include="Counting.h">
      <Filter>Header Files</Filter>
    </ClInclude>
    <ClInclude Include="BubbleSort.h">
      <Filter>Header Files</Filter>
    </ClInclude>
    <ClInclude Include="Combsort.h">
      <Filter>Header Files</Filter>
    </ClInclude>
    <ClInclude Include="ShellSort.h">
      <Filter>Header Files</Filter>
    </ClInclude>
    <ClInclude Include="IntroSort.h">
      <Filter>Header Files</Filter>
    </ClInclude>
    <ClInclude Include="RadixSort.h">
      <Filter>Header Files</Filter>
    </ClInclude>
    <ClInclude Include="Heapsort.h">
      <Filter>Header Files</Filter>
    </ClInclude>
    <ClInclude Include="quicksort.h">
      <Filter>Header Files</Filter>
    </ClInclude>
    <ClInclude Include="MergeSort.h">
      <Filter>Header Files</Filter>
    </ClInclude>
    <ClInclude Include="Windowsstopwatch.h">
      <Filter>Header Files</Filter>
    </ClInclude>
    <ClInclude Include="TestIntro.h">
      <Filter>Header Files</Filter>
    </ClInclude>
  </ItemGroup>
  <ItemGroup>
    <ClCompile Include="test.cpp">
      <Filter>Source Files</Filter>
    </ClCompile>
    <ClCompile Include="windowsstopwatch.cpp">
      <Filter>Source Files</Filter>
    </ClCompile>
    <ClCompile Include="bubbletest.cpp">
      <Filter>Source Files</Filter>
    </ClCompile>
    <ClCompile Include="Maintest.cpp">
      <Filter>Source Files</Filter>
    </ClCompile>
    <ClCompile Include="combtest.cpp">
      <Filter>Source Files</Filter>
    </ClCompile>
    <ClCompile Include="Countingtest.cpp">
      <Filter>Source Files</Filter>
    </ClCompile>
    <ClCompile Include="HeapTest.cpp">
      <Filter>Source Files</Filter>
    </ClCompile>
    <ClCompile Include="insertiontest.cpp">
      <Filter>Source Files</Filter>
    </ClCompile>
    <ClCompile Include="Mergetest.cpp">
      <Filter>Source Files</Filter>
    </ClCompile>
    <ClCompile Include="quicktest.cpp">
      <Filter>Source Files</Filter>
    </ClCompile>
    <ClCompile Include="Radixtest.cpp">
      <Filter>Source Files</Filter>
    </ClCompile>
    <ClCompile Include="Selectiontest.cpp">
      <Filter>Source Files</Filter>
    </ClCompile>
    <ClCompile Include="Shelltest.cpp">
      <Filter>Source Files</Filter>
    </ClCompile>
    <ClCompile Include="Intotest.cpp">
      <Filter>Source Files</Filter>
    </ClCompile>
    <ClCompile Include="introvector.cpp">
      <Filter>Source Files</Filter>
    </ClCompile>
  </ItemGroup>
</Project>